
Microsoft Visual Studio Solution File, Format Version 12.00
# Visual Studio Version 17
VisualStudioVersion = 17.5.002.0
MinimumVisualStudioVersion = 10.0.40219.1
Project("{9A19103F-16F7-4668-BE54-9A1E7A4F7556}") = "Aula04-atividade", "Aula04-atividade.csproj", "{7F8A81AA-2516-4EFE-A1D2-62B05AFE11AE}"
EndProject
Global
	GlobalSection(SolutionConfigurationPlatforms) = preSolution
		Debug|Any CPU = Debug|Any CPU
		Release|Any CPU = Release|Any CPU
	EndGlobalSection
	GlobalSection(ProjectConfigurationPlatforms) = postSolution
		{7F8A81AA-2516-4EFE-A1D2-62B05AFE11AE}.Debug|Any CPU.ActiveCfg = Debug|Any CPU
		{7F8A81AA-2516-4EFE-A1D2-62B05AFE11AE}.Debug|Any CPU.Build.0 = Debug|Any CPU
		{7F8A81AA-2516-4EFE-A1D2-62B05AFE11AE}.Release|Any CPU.ActiveCfg = Release|Any CPU
		{7F8A81AA-2516-4EFE-A1D2-62B05AFE11AE}.Release|Any CPU.Build.0 = Release|Any CPU
	EndGlobalSection
	GlobalSection(SolutionProperties) = preSolution
		HideSolutionNode = FALSE
	EndGlobalSection
	GlobalSection(ExtensibilityGlobals) = postSolution
		SolutionGuid = {75388AAD-F056-4554-867F-74F5E55D0B77}
	EndGlobalSection
EndGlobal
