
Microsoft Visual Studio Solution File, Format Version 12.00
# Visual Studio Version 17
VisualStudioVersion = 17.5.002.0
MinimumVisualStudioVersion = 10.0.40219.1
Project("{9A19103F-16F7-4668-BE54-9A1E7A4F7556}") = "Aula03-1-Array", "Aula03-1-Array.csproj", "{43E3A150-CAD3-45C0-9FF0-C02AF0AAF625}"
EndProject
Global
	GlobalSection(SolutionConfigurationPlatforms) = preSolution
		Debug|Any CPU = Debug|Any CPU
		Release|Any CPU = Release|Any CPU
	EndGlobalSection
	GlobalSection(ProjectConfigurationPlatforms) = postSolution
		{43E3A150-CAD3-45C0-9FF0-C02AF0AAF625}.Debug|Any CPU.ActiveCfg = Debug|Any CPU
		{43E3A150-CAD3-45C0-9FF0-C02AF0AAF625}.Debug|Any CPU.Build.0 = Debug|Any CPU
		{43E3A150-CAD3-45C0-9FF0-C02AF0AAF625}.Release|Any CPU.ActiveCfg = Release|Any CPU
		{43E3A150-CAD3-45C0-9FF0-C02AF0AAF625}.Release|Any CPU.Build.0 = Release|Any CPU
	EndGlobalSection
	GlobalSection(SolutionProperties) = preSolution
		HideSolutionNode = FALSE
	EndGlobalSection
	GlobalSection(ExtensibilityGlobals) = postSolution
		SolutionGuid = {4A0DAB40-33C7-496A-B015-15869DB7D9C6}
	EndGlobalSection
EndGlobal
